
Microsoft Visual Studio Solution File, Format Version 12.00
# Visual Studio Version 16
VisualStudioVersion = 16.0.29123.88
MinimumVisualStudioVersion = 10.0.40219.1
Project("{FAE04EC0-301F-11D3-BF4B-00C04F79EFBC}") = "MonashLTS", "MonashLTS\MonashLTS.csproj", "{B835B38C-A63D-41FD-9523-494BBD77AC40}"
EndProject
Global
	GlobalSection(SolutionConfigurationPlatforms) = preSolution
		Debug|Any CPU = Debug|Any CPU
		Release|Any CPU = Release|Any CPU
	EndGlobalSection
	GlobalSection(ProjectConfigurationPlatforms) = postSolution
		{B835B38C-A63D-41FD-9523-494BBD77AC40}.Debug|Any CPU.ActiveCfg = Debug|Any CPU
		{B835B38C-A63D-41FD-9523-494BBD77AC40}.Debug|Any CPU.Build.0 = Debug|Any CPU
		{B835B38C-A63D-41FD-9523-494BBD77AC40}.Release|Any CPU.ActiveCfg = Release|Any CPU
		{B835B38C-A63D-41FD-9523-494BBD77AC40}.Release|Any CPU.Build.0 = Release|Any CPU
	EndGlobalSection
	GlobalSection(SolutionProperties) = preSolution
		HideSolutionNode = FALSE
	EndGlobalSection
	GlobalSection(ExtensibilityGlobals) = postSolution
		SolutionGuid = {001E3205-7084-4AB7-AE5B-9AB8440143FA}
	EndGlobalSection
EndGlobal
